{
  "name": "static",
  "version": "1.0.0",
  "lockfileVersion": 1,
  "requires": true,
  "dependencies": {
    "bootstrap": {
      "version": "4.1.3",
      "resolved": "https://registry.npmjs.org/bootstrap/-/bootstrap-4.1.3.tgz",
      "integrity": "sha512-rDFIzgXcof0jDyjNosjv4Sno77X4KuPeFxG2XZZv1/Kc8DRVGVADdoQyyOVDwPqL36DDmtCQbrpMCqvpPLJQ0w=="
    },
    "datatables.net": {
      "version": "1.11.3",
      "resolved": "https://registry.npmjs.org/datatables.net/-/datatables.net-1.11.3.tgz",
      "integrity": "sha512-VMj5qEaTebpNurySkM6jy6sGpl+s6onPK8xJhYr296R/vUBnz1+id16NVqNf9z5aR076OGcpGHCuiTuy4E05oQ==",
      "requires": {
        "jquery": ">=1.7"
      }
    },
    "datatables.net-buttons": {
      "version": "1.5.3",
      "resolved": "https://registry.npmjs.org/datatables.net-buttons/-/datatables.net-buttons-1.5.3.tgz",
      "integrity": "sha512-qGdYiquuIvoZSH0jkRTcVnS1LlCuJFOSlIX5wNmK+3267Ryq6r9llKFtgrIORkSlyy+M1TJMViFJxRSX5W62GA=="
    },
    "datatables.net-buttons-dt": {
      "version": "1.5.3",
      "resolved": "https://registry.npmjs.org/datatables.net-buttons-dt/-/datatables.net-buttons-dt-1.5.3.tgz",
      "integrity": "sha512-EG8jwEpf5ll2vuDagmFL+95E1ZAH52hdNopy1xPx5XGuItw9J39BUTv91uPJDsuGfmxdYKuKET5voD2hvr2eOw=="
    },
    "datatables.net-dt": {
      "version": "1.10.19",
      "resolved": "https://registry.npmjs.org/datatables.net-dt/-/datatables.net-dt-1.10.19.tgz",
      "integrity": "sha512-joFHYjLYvr9VnC9Fx3e+8jtXnQ/fP/mPFWt9p0NhZ3Zm5N0jlYyWhJQbnLkihOLuDcDFMaGdBQSvmIdTVdgGyw=="
    },
    "jquery": {
      "version": "3.3.1",
      "resolved": "https://registry.npmjs.org/jquery/-/jquery-3.3.1.tgz",
      "integrity": "sha512-Ubldcmxp5np52/ENotGxlLe6aGMvmF4R8S6tZjsP6Knsaxd/xp3Zrh50cG93lR6nPXyUFwzN3ZSOQI0wRJNdGg=="
    }
  }
}
